
Microsoft Visual Studio Solution File, Format Version 12.00
# Visual Studio Version 17
VisualStudioVersion = 17.0.31919.166
MinimumVisualStudioVersion = 10.0.40219.1
Project("{FAE04EC0-301F-11D3-BF4B-00C04F79EFBC}") = "FleckChatApp", "FleckChatApp\FleckChatApp.csproj", "{D93A0C59-C041-4077-B4D6-4CD0CB92964B}"
EndProject
Global
	GlobalSection(SolutionConfigurationPlatforms) = preSolution
		Debug|Any CPU = Debug|Any CPU
		Release|Any CPU = Release|Any CPU
	EndGlobalSection
	GlobalSection(ProjectConfigurationPlatforms) = postSolution
		{D93A0C59-C041-4077-B4D6-4CD0CB92964B}.Debug|Any CPU.ActiveCfg = Debug|Any CPU
		{D93A0C59-C041-4077-B4D6-4CD0CB92964B}.Debug|Any CPU.Build.0 = Debug|Any CPU
		{D93A0C59-C041-4077-B4D6-4CD0CB92964B}.Release|Any CPU.ActiveCfg = Release|Any CPU
		{D93A0C59-C041-4077-B4D6-4CD0CB92964B}.Release|Any CPU.Build.0 = Release|Any CPU
	EndGlobalSection
	GlobalSection(SolutionProperties) = preSolution
		HideSolutionNode = FALSE
	EndGlobalSection
	GlobalSection(ExtensibilityGlobals) = postSolution
		SolutionGuid = {65395BE1-F9B1-431C-954A-ACBF9D9ACDB2}
	EndGlobalSection
EndGlobal
